// !$*UTF8*$!
{
	archiveVersion = 1;
	classes = {
	};
	objectVersion = 77;
	objects = {

/* Begin PBXContainerItemProxy section */
		5DE00E922DC6372F0008E3A2 /* PBXContainerItemProxy */ = {
			isa = PBXContainerItemProxy;
			containerPortal = 5DE00E762DC6372E0008E3A2 /* Project object */;
			proxyType = 1;
			remoteGlobalIDString = 5DE00E7D2DC6372E0008E3A2;
			remoteInfo = ViewsAndLayout;
		};
		5DE00E9C2DC6372F0008E3A2 /* PBXContainerItemProxy */ = {
			isa = PBXContainerItemProxy;
			containerPortal = 5DE00E762DC6372E0008E3A2 /* Project object */;
			proxyType = 1;
			remoteGlobalIDString = 5DE00E7D2DC6372E0008E3A2;
			remoteInfo = ViewsAndLayout;
		};
/* End PBXContainerItemProxy section */

/* Begin PBXFileReference section */
		5DE00E7E2DC6372E0008E3A2 /* ViewsAndLayout.app */ = {isa = PBXFileReference; explicitFileType = wrapper.application; includeInIndex = 0; path = ViewsAndLayout.app; sourceTree = BUILT_PRODUCTS_DIR; };
		5DE00E912DC6372F0008E3A2 /* ViewsAndLayoutTests.xctest */ = {isa = PBXFileReference; explicitFileType = wrapper.cfbundle; includeInIndex = 0; path = ViewsAndLayoutTests.xctest; sourceTree = BUILT_PRODUCTS_DIR; };
		5DE00E9B2DC6372F0008E3A2 /* ViewsAndLayoutUITests.xctest */ = {isa = PBXFileReference; explicitFileType = wrapper.cfbundle; includeInIndex = 0; path = ViewsAndLayoutUITests.xctest; sourceTree = BUILT_PRODUCTS_DIR; };
/* End PBXFileReference section */

/* Begin PBXFileSystemSynchronizedRootGroup section */
		5DE00E802DC6372E0008E3A2 /* ViewsAndLayout */ = {
			isa = PBXFileSystemSynchronizedRootGroup;
			path = ViewsAndLayout;
			sourceTree = "<group>";
		};
		5DE00E942DC6372F0008E3A2 /* ViewsAndLayoutTests */ = {
			isa = PBXFileSystemSynchronizedRootGroup;
			path = ViewsAndLayoutTests;
			sourceTree = "<group>";
		};
		5DE00E9E2DC6372F0008E3A2 /* ViewsAndLayoutUITests */ = {
			isa = PBXFileSystemSynchronizedRootGroup;
			path = ViewsAndLayoutUITests;
			sourceTree = "<group>";
		};
/* End PBXFileSystemSynchronizedRootGroup section */

/* Begin PBXFrameworksBuildPhase section */
		5DE00E7B2DC6372E0008E3A2 /* Frameworks */ = {
			isa = PBXFrameworksBuildPhase;
			buildActionMask = 2147483647;
			files = (
			);
			runOnlyForDeploymentPostprocessing = 0;
		};
		5DE00E8E2DC6372F0008E3A2 /* Frameworks */ = {
			isa = PBXFrameworksBuildPhase;
			buildActionMask = 2147483647;
			files = (
			);
			runOnlyForDeploymentPostprocessing = 0;
		};
		5DE00E982DC6372F0008E3A2 /* Frameworks */ = {
			isa = PBXFrameworksBuildPhase;
			buildActionMask = 2147483647;
			files = (
			);
			runOnlyForDeploymentPostprocessing = 0;
		};
/* End PBXFrameworksBuildPhase section */

/* Begin PBXGroup section */
		5DE00E752DC6372E0008E3A2 = {
			isa = PBXGroup;
			children = (
				5DE00E802DC6372E0008E3A2 /* ViewsAndLayout */,
				5DE00E942DC6372F0008E3A2 /* ViewsAndLayoutTests */,
				5DE00E9E2DC6372F0008E3A2 /* ViewsAndLayoutUITests */,
				5DE00E7F2DC6372E0008E3A2 /* Products */,
			);
			sourceTree = "<group>";
		};
		5DE00E7F2DC6372E0008E3A2 /* Products */ = {
			isa = PBXGroup;
			children = (
				5DE00E7E2DC6372E0008E3A2 /* ViewsAndLayout.app */,
				5DE00E912DC6372F0008E3A2 /* ViewsAndLayoutTests.xctest */,
				5DE00E9B2DC6372F0008E3A2 /* ViewsAndLayoutUITests.xctest */,
			);
			name = Products;
			sourceTree = "<group>";
		};
/* End PBXGroup section */

/* Begin PBXNativeTarget section */
		5DE00E7D2DC6372E0008E3A2 /* ViewsAndLayout */ = {
			isa = PBXNativeTarget;
			buildConfigurationList = 5DE00EA52DC6372F0008E3A2 /* Build configuration list for PBXNativeTarget "ViewsAndLayout" */;
			buildPhases = (
				5DE00E7A2DC6372E0008E3A2 /* Sources */,
				5DE00E7B2DC6372E0008E3A2 /* Frameworks */,
				5DE00E7C2DC6372E0008E3A2 /* Resources */,
			);
			buildRules = (
			);
			dependencies = (
			);
			fileSystemSynchronizedGroups = (
				5DE00E802DC6372E0008E3A2 /* ViewsAndLayout */,
			);
			name = ViewsAndLayout;
			packageProductDependencies = (
			);
			productName = ViewsAndLayout;
			productReference = 5DE00E7E2DC6372E0008E3A2 /* ViewsAndLayout.app */;
			productType = "com.apple.product-type.application";
		};
		5DE00E902DC6372F0008E3A2 /* ViewsAndLayoutTests */ = {
			isa = PBXNativeTarget;
			buildConfigurationList = 5DE00EA82DC6372F0008E3A2 /* Build configuration list for PBXNativeTarget "ViewsAndLayoutTests" */;
			buildPhases = (
				5DE00E8D2DC6372F0008E3A2 /* Sources */,
				5DE00E8E2DC6372F0008E3A2 /* Frameworks */,
				5DE00E8F2DC6372F0008E3A2 /* Resources */,
			);
			buildRules = (
			);
			dependencies = (
				5DE00E932DC6372F0008E3A2 /* PBXTargetDependency */,
			);
			fileSystemSynchronizedGroups = (
				5DE00E942DC6372F0008E3A2 /* ViewsAndLayoutTests */,
			);
			name = ViewsAndLayoutTests;
			packageProductDependencies = (
			);
			productName = ViewsAndLayoutTests;
			productReference = 5DE00E912DC6372F0008E3A2 /* ViewsAndLayoutTests.xctest */;
			productType = "com.apple.product-type.bundle.unit-test";
		};
		5DE00E9A2DC6372F0008E3A2 /* ViewsAndLayoutUITests */ = {
			isa = PBXNativeTarget;
			buildConfigurationList = 5DE00EAB2DC6372F0008E3A2 /* Build configuration list for PBXNativeTarget "ViewsAndLayoutUITests" */;
			buildPhases = (
				5DE00E972DC6372F0008E3A2 /* Sources */,
				5DE00E982DC6372F0008E3A2 /* Frameworks */,
				5DE00E992DC6372F0008E3A2 /* Resources */,
			);
			buildRules = (
			);
			dependencies = (
				5DE00E9D2DC6372F0008E3A2 /* PBXTargetDependency */,
			);
			fileSystemSynchronizedGroups = (
				5DE00E9E2DC6372F0008E3A2 /* ViewsAndLayoutUITests */,
			);
			name = ViewsAndLayoutUITests;
			packageProductDependencies = (
			);
			productName = ViewsAndLayoutUITests;
			productReference = 5DE00E9B2DC6372F0008E3A2 /* ViewsAndLayoutUITests.xctest */;
			productType = "com.apple.product-type.bundle.ui-testing";
		};
/* End PBXNativeTarget section */

/* Begin PBXProject section */
		5DE00E762DC6372E0008E3A2 /* Project object */ = {
			isa = PBXProject;
			attributes = {
				BuildIndependentTargetsInParallel = 1;
				LastSwiftUpdateCheck = 1620;
				LastUpgradeCheck = 1620;
				TargetAttributes = {
					5DE00E7D2DC6372E0008E3A2 = {
						CreatedOnToolsVersion = 16.2;
					};
					5DE00E902DC6372F0008E3A2 = {
						CreatedOnToolsVersion = 16.2;
						TestTargetID = 5DE00E7D2DC6372E0008E3A2;
					};
					5DE00E9A2DC6372F0008E3A2 = {
						CreatedOnToolsVersion = 16.2;
						TestTargetID = 5DE00E7D2DC6372E0008E3A2;
					};
				};
			};
			buildConfigurationList = 5DE00E792DC6372E0008E3A2 /* Build configuration list for PBXProject "ViewsAndLayout" */;
			developmentRegion = en;
			hasScannedForEncodings = 0;
			knownRegions = (
				en,
				Base,
			);
			mainGroup = 5DE00E752DC6372E0008E3A2;
			minimizedProjectReferenceProxies = 1;
			preferredProjectObjectVersion = 77;
			productRefGroup = 5DE00E7F2DC6372E0008E3A2 /* Products */;
			projectDirPath = "";
			projectRoot = "";
			targets = (
				5DE00E7D2DC6372E0008E3A2 /* ViewsAndLayout */,
				5DE00E902DC6372F0008E3A2 /* ViewsAndLayoutTests */,
				5DE00E9A2DC6372F0008E3A2 /* ViewsAndLayoutUITests */,
			);
		};
/* End PBXProject section */

/* Begin PBXResourcesBuildPhase section */
		5DE00E7C2DC6372E0008E3A2 /* Resources */ = {
			isa = PBXResourcesBuildPhase;
			buildActionMask = 2147483647;
			files = (
			);
			runOnlyForDeploymentPostprocessing = 0;
		};
		5DE00E8F2DC6372F0008E3A2 /* Resources */ = {
			isa = PBXResourcesBuildPhase;
			buildActionMask = 2147483647;
			files = (
			);
			runOnlyForDeploymentPostprocessing = 0;
		};
		5DE00E992DC6372F0008E3A2 /* Resources */ = {
			isa = PBXResourcesBuildPhase;
			buildActionMask = 2147483647;
			files = (
			);
			runOnlyForDeploymentPostprocessing = 0;
		};
/* End PBXResourcesBuildPhase section */

/* Begin PBXSourcesBuildPhase section */
		5DE00E7A2DC6372E0008E3A2 /* Sources */ = {
			isa = PBXSourcesBuildPhase;
			buildActionMask = 2147483647;
			files = (
			);
			runOnlyForDeploymentPostprocessing = 0;
		};
		5DE00E8D2DC6372F0008E3A2 /* Sources */ = {
			isa = PBXSourcesBuildPhase;
			buildActionMask = 2147483647;
			files = (
			);
			runOnlyForDeploymentPostprocessing = 0;
		};
		5DE00E972DC6372F0008E3A2 /* Sources */ = {
			isa = PBXSourcesBuildPhase;
			buildActionMask = 2147483647;
			files = (
			);
			runOnlyForDeploymentPostprocessing = 0;
		};
/* End PBXSourcesBuildPhase section */

/* Begin PBXTargetDependency section */
		5DE00E932DC6372F0008E3A2 /* PBXTargetDependency */ = {
			isa = PBXTargetDependency;
			target = 5DE00E7D2DC6372E0008E3A2 /* ViewsAndLayout */;
			targetProxy = 5DE00E922DC6372F0008E3A2 /* PBXContainerItemProxy */;
		};
		5DE00E9D2DC6372F0008E3A2 /* PBXTargetDependency */ = {
			isa = PBXTargetDependency;
			target = 5DE00E7D2DC6372E0008E3A2 /* ViewsAndLayout */;
			targetProxy = 5DE00E9C2DC6372F0008E3A2 /* PBXContainerItemProxy */;
		};
/* End PBXTargetDependency section */

/* Begin XCBuildConfiguration section */
		5DE00EA32DC6372F0008E3A2 /* Debug */ = {
			isa = XCBuildConfiguration;
			buildSettings = {
				ALWAYS_SEARCH_USER_PATHS = NO;
				ASSETCATALOG_COMPILER_GENERATE_SWIFT_ASSET_SYMBOL_EXTENSIONS = YES;
				CLANG_ANALYZER_NONNULL = YES;
				CLANG_ANALYZER_NUMBER_OBJECT_CONVERSION = YES_AGGRESSIVE;
				CLANG_CXX_LANGUAGE_STANDARD = "gnu++20";
				CLANG_ENABLE_MODULES = YES;
				CLANG_ENABLE_OBJC_ARC = YES;
				CLANG_ENABLE_OBJC_WEAK = YES;
				CLANG_WARN_BLOCK_CAPTURE_AUTORELEASING = YES;
				CLANG_WARN_BOOL_CONVERSION = YES;
				CLANG_WARN_COMMA = YES;
				CLANG_WARN_CONSTANT_CONVERSION = YES;
				CLANG_WARN_DEPRECATED_OBJC_IMPLEMENTATIONS = YES;
				CLANG_WARN_DIRECT_OBJC_ISA_USAGE = YES_ERROR;
				CLANG_WARN_DOCUMENTATION_COMMENTS = YES;
				CLANG_WARN_EMPTY_BODY = YES;
				CLANG_WARN_ENUM_CONVERSION = YES;
				CLANG_WARN_INFINITE_RECURSION = YES;
				CLANG_WARN_INT_CONVERSION = YES;
				CLANG_WARN_NON_LITERAL_NULL_CONVERSION = YES;
				CLANG_WARN_OBJC_IMPLICIT_RETAIN_SELF = YES;
				CLANG_WARN_OBJC_LITERAL_CONVERSION = YES;
				CLANG_WARN_OBJC_ROOT_CLASS = YES_ERROR;
				CLANG_WARN_QUOTED_INCLUDE_IN_FRAMEWORK_HEADER = YES;
				CLANG_WARN_RANGE_LOOP_ANALYSIS = YES;
				CLANG_WARN_STRICT_PROTOTYPES = YES;
				CLANG_WARN_SUSPICIOUS_MOVE = YES;
				CLANG_WARN_UNGUARDED_AVAILABILITY = YES_AGGRESSIVE;
				CLANG_WARN_UNREACHABLE_CODE = YES;
				CLANG_WARN__DUPLICATE_METHOD_MATCH = YES;
				COPY_PHASE_STRIP = NO;
				DEBUG_INFORMATION_FORMAT = dwarf;
				ENABLE_STRICT_OBJC_MSGSEND = YES;
				ENABLE_TESTABILITY = YES;
				ENABLE_USER_SCRIPT_SANDBOXING = YES;
				GCC_C_LANGUAGE_STANDARD = gnu17;
				GCC_DYNAMIC_NO_PIC = NO;
				GCC_NO_COMMON_BLOCKS = YES;
				GCC_OPTIMIZATION_LEVEL = 0;
				GCC_PREPROCESSOR_DEFINITIONS = (
					"DEBUG=1",
					"$(inherited)",
				);
				GCC_WARN_64_TO_32_BIT_CONVERSION = YES;
				GCC_WARN_ABOUT_RETURN_TYPE = YES_ERROR;
				GCC_WARN_UNDECLARED_SELECTOR = YES;
				GCC_WARN_UNINITIALIZED_AUTOS = YES_AGGRESSIVE;
				GCC_WARN_UNUSED_FUNCTION = YES;
				GCC_WARN_UNUSED_VARIABLE = YES;
				LOCALIZATION_PREFERS_STRING_CATALOGS = YES;
				MTL_ENABLE_DEBUG_INFO = INCLUDE_SOURCE;
				MTL_FAST_MATH = YES;
				ONLY_ACTIVE_ARCH = YES;
				SWIFT_ACTIVE_COMPILATION_CONDITIONS = "DEBUG $(inherited)";
				SWIFT_OPTIMIZATION_LEVEL = "-Onone";
			};
			name = Debug;
		};
		5DE00EA42DC6372F0008E3A2 /* Release */ = {
			isa = XCBuildConfiguration;
			buildSettings = {
				ALWAYS_SEARCH_USER_PATHS = NO;
				ASSETCATALOG_COMPILER_GENERATE_SWIFT_ASSET_SYMBOL_EXTENSIONS = YES;
				CLANG_ANALYZER_NONNULL = YES;
				CLANG_ANALYZER_NUMBER_OBJECT_CONVERSION = YES_AGGRESSIVE;
				CLANG_CXX_LANGUAGE_STANDARD = "gnu++20";
				CLANG_ENABLE_MODULES = YES;
				CLANG_ENABLE_OBJC_ARC = YES;
				CLANG_ENABLE_OBJC_WEAK = YES;
				CLANG_WARN_BLOCK_CAPTURE_AUTORELEASING = YES;
				CLANG_WARN_BOOL_CONVERSION = YES;
				CLANG_WARN_COMMA = YES;
				CLANG_WARN_CONSTANT_CONVERSION = YES;
				CLANG_WARN_DEPRECATED_OBJC_IMPLEMENTATIONS = YES;
				CLANG_WARN_DIRECT_OBJC_ISA_USAGE = YES_ERROR;
				CLANG_WARN_DOCUMENTATION_COMMENTS = YES;
				CLANG_WARN_EMPTY_BODY = YES;
				CLANG_WARN_ENUM_CONVERSION = YES;
				CLANG_WARN_INFINITE_RECURSION = YES;
				CLANG_WARN_INT_CONVERSION = YES;
				CLANG_WARN_NON_LITERAL_NULL_CONVERSION = YES;
				CLANG_WARN_OBJC_IMPLICIT_RETAIN_SELF = YES;
				CLANG_WARN_OBJC_LITERAL_CONVERSION = YES;
				CLANG_WARN_OBJC_ROOT_CLASS = YES_ERROR;
				CLANG_WARN_QUOTED_INCLUDE_IN_FRAMEWORK_HEADER = YES;
				CLANG_WARN_RANGE_LOOP_ANALYSIS = YES;
				CLANG_WARN_STRICT_PROTOTYPES = YES;
				CLANG_WARN_SUSPICIOUS_MOVE = YES;
				CLANG_WARN_UNGUARDED_AVAILABILITY = YES_AGGRESSIVE;
				CLANG_WARN_UNREACHABLE_CODE = YES;
				CLANG_WARN__DUPLICATE_METHOD_MATCH = YES;
				COPY_PHASE_STRIP = NO;
				DEBUG_INFORMATION_FORMAT = "dwarf-with-dsym";
				ENABLE_NS_ASSERTIONS = NO;
				ENABLE_STRICT_OBJC_MSGSEND = YES;
				ENABLE_USER_SCRIPT_SANDBOXING = YES;
				GCC_C_LANGUAGE_STANDARD = gnu17;
				GCC_NO_COMMON_BLOCKS = YES;
				GCC_WARN_64_TO_32_BIT_CONVERSION = YES;
				GCC_WARN_ABOUT_RETURN_TYPE = YES_ERROR;
				GCC_WARN_UNDECLARED_SELECTOR = YES;
				GCC_WARN_UNINITIALIZED_AUTOS = YES_AGGRESSIVE;
				GCC_WARN_UNUSED_FUNCTION = YES;
				GCC_WARN_UNUSED_VARIABLE = YES;
				LOCALIZATION_PREFERS_STRING_CATALOGS = YES;
				MTL_ENABLE_DEBUG_INFO = NO;
				MTL_FAST_MATH = YES;
				SWIFT_COMPILATION_MODE = wholemodule;
			};
			name = Release;
		};
		5DE00EA62DC6372F0008E3A2 /* Debug */ = {
			isa = XCBuildConfiguration;
			buildSettings = {
				ASSETCATALOG_COMPILER_APPICON_NAME = AppIcon;
				ASSETCATALOG_COMPILER_GLOBAL_ACCENT_COLOR_NAME = AccentColor;
				CODE_SIGN_ENTITLEMENTS = ViewsAndLayout/ViewsAndLayout.entitlements;
				CODE_SIGN_STYLE = Automatic;
				CURRENT_PROJECT_VERSION = 1;
				DEVELOPMENT_ASSET_PATHS = "\"ViewsAndLayout/Preview Content\"";
				ENABLE_PREVIEWS = YES;
				GENERATE_INFOPLIST_FILE = YES;
				"INFOPLIST_KEY_UIApplicationSceneManifest_Generation[sdk=iphoneos*]" = YES;
				"INFOPLIST_KEY_UIApplicationSceneManifest_Generation[sdk=iphonesimulator*]" = YES;
				"INFOPLIST_KEY_UIApplicationSupportsIndirectInputEvents[sdk=iphoneos*]" = YES;
				"INFOPLIST_KEY_UIApplicationSupportsIndirectInputEvents[sdk=iphonesimulator*]" = YES;
				"INFOPLIST_KEY_UILaunchScreen_Generation[sdk=iphoneos*]" = YES;
				"INFOPLIST_KEY_UILaunchScreen_Generation[sdk=iphonesimulator*]" = YES;
				"INFOPLIST_KEY_UIStatusBarStyle[sdk=iphoneos*]" = UIStatusBarStyleDefault;
				"INFOPLIST_KEY_UIStatusBarStyle[sdk=iphonesimulator*]" = UIStatusBarStyleDefault;
				INFOPLIST_KEY_UISupportedInterfaceOrientations_iPad = "UIInterfaceOrientationPortrait UIInterfaceOrientationPortraitUpsideDown UIInterfaceOrientationLandscapeLeft UIInterfaceOrientationLandscapeRight";
				INFOPLIST_KEY_UISupportedInterfaceOrientations_iPhone = "UIInterfaceOrientationPortrait UIInterfaceOrientationLandscapeLeft UIInterfaceOrientationLandscapeRight";
				IPHONEOS_DEPLOYMENT_TARGET = 18.2;
				LD_RUNPATH_SEARCH_PATHS = "@executable_path/Frameworks";
				"LD_RUNPATH_SEARCH_PATHS[sdk=macosx*]" = "@executable_path/../Frameworks";
				MACOSX_DEPLOYMENT_TARGET = 14.0;
				MARKETING_VERSION = 1.0;
				PRODUCT_BUNDLE_IDENTIFIER = co..ViewsAndLayout;
				PRODUCT_NAME = "$(TARGET_NAME)";
				SDKROOT = auto;
				SUPPORTED_PLATFORMS = "iphoneos iphonesimulator macosx xros xrsimulator";
				SWIFT_EMIT_LOC_STRINGS = YES;
				SWIFT_VERSION = 5.0;
				TARGETED_DEVICE_FAMILY = "1,2,7";
				XROS_DEPLOYMENT_TARGET = 2.2;
			};
			name = Debug;
		};
		5DE00EA72DC6372F0008E3A2 /* Release */ = {
			isa = XCBuildConfiguration;
			buildSettings = {
				ASSETCATALOG_COMPILER_APPICON_NAME = AppIcon;
				ASSETCATALOG_COMPILER_GLOBAL_ACCENT_COLOR_NAME = AccentColor;
				CODE_SIGN_ENTITLEMENTS = ViewsAndLayout/ViewsAndLayout.entitlements;
				CODE_SIGN_STYLE = Automatic;
				CURRENT_PROJECT_VERSION = 1;
				DEVELOPMENT_ASSET_PATHS = "\"ViewsAndLayout/Preview Content\"";
				ENABLE_PREVIEWS = YES;
				GENERATE_INFOPLIST_FILE = YES;
				"INFOPLIST_KEY_UIApplicationSceneManifest_Generation[sdk=iphoneos*]" = YES;
				"INFOPLIST_KEY_UIApplicationSceneManifest_Generation[sdk=iphonesimulator*]" = YES;
				"INFOPLIST_KEY_UIApplicationSupportsIndirectInputEvents[sdk=iphoneos*]" = YES;
				"INFOPLIST_KEY_UIApplicationSupportsIndirectInputEvents[sdk=iphonesimulator*]" = YES;
				"INFOPLIST_KEY_UILaunchScreen_Generation[sdk=iphoneos*]" = YES;
				"INFOPLIST_KEY_UILaunchScreen_Generation[sdk=iphonesimulator*]" = YES;
				"INFOPLIST_KEY_UIStatusBarStyle[sdk=iphoneos*]" = UIStatusBarStyleDefault;
				"INFOPLIST_KEY_UIStatusBarStyle[sdk=iphonesimulator*]" = UIStatusBarStyleDefault;
				INFOPLIST_KEY_UISupportedInterfaceOrientations_iPad = "UIInterfaceOrientationPortrait UIInterfaceOrientationPortraitUpsideDown UIInterfaceOrientationLandscapeLeft UIInterfaceOrientationLandscapeRight";
				INFOPLIST_KEY_UISupportedInterfaceOrientations_iPhone = "UIInterfaceOrientationPortrait UIInterfaceOrientationLandscapeLeft UIInterfaceOrientationLandscapeRight";
				IPHONEOS_DEPLOYMENT_TARGET = 18.2;
				LD_RUNPATH_SEARCH_PATHS = "@executable_path/Frameworks";
				"LD_RUNPATH_SEARCH_PATHS[sdk=macosx*]" = "@executable_path/../Frameworks";
				MACOSX_DEPLOYMENT_TARGET = 14.0;
				MARKETING_VERSION = 1.0;
				PRODUCT_BUNDLE_IDENTIFIER = co..ViewsAndLayout;
				PRODUCT_NAME = "$(TARGET_NAME)";
				SDKROOT = auto;
				SUPPORTED_PLATFORMS = "iphoneos iphonesimulator macosx xros xrsimulator";
				SWIFT_EMIT_LOC_STRINGS = YES;
				SWIFT_VERSION = 5.0;
				TARGETED_DEVICE_FAMILY = "1,2,7";
				XROS_DEPLOYMENT_TARGET = 2.2;
			};
			name = Release;
		};
		5DE00EA92DC6372F0008E3A2 /* Debug */ = {
			isa = XCBuildConfiguration;
			buildSettings = {
				BUNDLE_LOADER = "$(TEST_HOST)";
				CODE_SIGN_STYLE = Automatic;
				CURRENT_PROJECT_VERSION = 1;
				GENERATE_INFOPLIST_FILE = YES;
				IPHONEOS_DEPLOYMENT_TARGET = 18.2;
				MACOSX_DEPLOYMENT_TARGET = 14.6;
				MARKETING_VERSION = 1.0;
				PRODUCT_BUNDLE_IDENTIFIER = co..ViewsAndLayoutTests;
				PRODUCT_NAME = "$(TARGET_NAME)";
				SDKROOT = auto;
				SUPPORTED_PLATFORMS = "iphoneos iphonesimulator macosx xros xrsimulator";
				SWIFT_EMIT_LOC_STRINGS = NO;
				SWIFT_VERSION = 5.0;
				TARGETED_DEVICE_FAMILY = "1,2,7";
				TEST_HOST = "$(BUILT_PRODUCTS_DIR)/ViewsAndLayout.app/$(BUNDLE_EXECUTABLE_FOLDER_PATH)/ViewsAndLayout";
				XROS_DEPLOYMENT_TARGET = 2.2;
			};
			name = Debug;
		};
		5DE00EAA2DC6372F0008E3A2 /* Release */ = {
			isa = XCBuildConfiguration;
			buildSettings = {
				BUNDLE_LOADER = "$(TEST_HOST)";
				CODE_SIGN_STYLE = Automatic;
				CURRENT_PROJECT_VERSION = 1;
				GENERATE_INFOPLIST_FILE = YES;
				IPHONEOS_DEPLOYMENT_TARGET = 18.2;
				MACOSX_DEPLOYMENT_TARGET = 14.6;
				MARKETING_VERSION = 1.0;
				PRODUCT_BUNDLE_IDENTIFIER = co..ViewsAndLayoutTests;
				PRODUCT_NAME = "$(TARGET_NAME)";
				SDKROOT = auto;
				SUPPORTED_PLATFORMS = "iphoneos iphonesimulator macosx xros xrsimulator";
				SWIFT_EMIT_LOC_STRINGS = NO;
				SWIFT_VERSION = 5.0;
				TARGETED_DEVICE_FAMILY = "1,2,7";
				TEST_HOST = "$(BUILT_PRODUCTS_DIR)/ViewsAndLayout.app/$(BUNDLE_EXECUTABLE_FOLDER_PATH)/ViewsAndLayout";
				XROS_DEPLOYMENT_TARGET = 2.2;
			};
			name = Release;
		};
		5DE00EAC2DC6372F0008E3A2 /* Debug */ = {
			isa = XCBuildConfiguration;
			buildSettings = {
				CODE_SIGN_STYLE = Automatic;
				CURRENT_PROJECT_VERSION = 1;
				GENERATE_INFOPLIST_FILE = YES;
				IPHONEOS_DEPLOYMENT_TARGET = 18.2;
				MACOSX_DEPLOYMENT_TARGET = 14.6;
				MARKETING_VERSION = 1.0;
				PRODUCT_BUNDLE_IDENTIFIER = co..ViewsAndLayoutUITests;
				PRODUCT_NAME = "$(TARGET_NAME)";
				SDKROOT = auto;
				SUPPORTED_PLATFORMS = "iphoneos iphonesimulator macosx xros xrsimulator";
				SWIFT_EMIT_LOC_STRINGS = NO;
				SWIFT_VERSION = 5.0;
				TARGETED_DEVICE_FAMILY = "1,2,7";
				TEST_TARGET_NAME = ViewsAndLayout;
				XROS_DEPLOYMENT_TARGET = 2.2;
			};
			name = Debug;
		};
		5DE00EAD2DC6372F0008E3A2 /* Release */ = {
			isa = XCBuildConfiguration;
			buildSettings = {
				CODE_SIGN_STYLE = Automatic;
				CURRENT_PROJECT_VERSION = 1;
				GENERATE_INFOPLIST_FILE = YES;
				IPHONEOS_DEPLOYMENT_TARGET = 18.2;
				MACOSX_DEPLOYMENT_TARGET = 14.6;
				MARKETING_VERSION = 1.0;
				PRODUCT_BUNDLE_IDENTIFIER = co..ViewsAndLayoutUITests;
				PRODUCT_NAME = "$(TARGET_NAME)";
				SDKROOT = auto;
				SUPPORTED_PLATFORMS = "iphoneos iphonesimulator macosx xros xrsimulator";
				SWIFT_EMIT_LOC_STRINGS = NO;
				SWIFT_VERSION = 5.0;
				TARGETED_DEVICE_FAMILY = "1,2,7";
				TEST_TARGET_NAME = ViewsAndLayout;
				XROS_DEPLOYMENT_TARGET = 2.2;
			};
			name = Release;
		};
/* End XCBuildConfiguration section */

/* Begin XCConfigurationList section */
		5DE00E792DC6372E0008E3A2 /* Build configuration list for PBXProject "ViewsAndLayout" */ = {
			isa = XCConfigurationList;
			buildConfigurations = (
				5DE00EA32DC6372F0008E3A2 /* Debug */,
				5DE00EA42DC6372F0008E3A2 /* Release */,
			);
			defaultConfigurationIsVisible = 0;
			defaultConfigurationName = Release;
		};
		5DE00EA52DC6372F0008E3A2 /* Build configuration list for PBXNativeTarget "ViewsAndLayout" */ = {
			isa = XCConfigurationList;
			buildConfigurations = (
				5DE00EA62DC6372F0008E3A2 /* Debug */,
				5DE00EA72DC6372F0008E3A2 /* Release */,
			);
			defaultConfigurationIsVisible = 0;
			defaultConfigurationName = Release;
		};
		5DE00EA82DC6372F0008E3A2 /* Build configuration list for PBXNativeTarget "ViewsAndLayoutTests" */ = {
			isa = XCConfigurationList;
			buildConfigurations = (
				5DE00EA92DC6372F0008E3A2 /* Debug */,
				5DE00EAA2DC6372F0008E3A2 /* Release */,
			);
			defaultConfigurationIsVisible = 0;
			defaultConfigurationName = Release;
		};
		5DE00EAB2DC6372F0008E3A2 /* Build configuration list for PBXNativeTarget "ViewsAndLayoutUITests" */ = {
			isa = XCConfigurationList;
			buildConfigurations = (
				5DE00EAC2DC6372F0008E3A2 /* Debug */,
				5DE00EAD2DC6372F0008E3A2 /* Release */,
			);
			defaultConfigurationIsVisible = 0;
			defaultConfigurationName = Release;
		};
/* End XCConfigurationList section */
	};
	rootObject = 5DE00E762DC6372E0008E3A2 /* Project object */;
}
